
Microsoft Visual Studio Solution File, Format Version 11.00
# Visual Studio 2010
Project("{FAE04EC0-301F-11D3-BF4B-00C04F79EFBC}") = "Assembly-CSharp", "Assembly-CSharp.csproj", "{C14414EF-5887-3FCE-16FB-ED6FD534521F}"
EndProject
Project("{FAE04EC0-301F-11D3-BF4B-00C04F79EFBC}") = "Assembly-CSharp-Editor", "Assembly-CSharp-Editor.csproj", "{F3E0F866-4A90-C5BA-2A8F-4C00EBA2F9B4}"
EndProject
Global
	GlobalSection(SolutionConfigurationPlatforms) = preSolution
		Debug|Any CPU = Debug|Any CPU
		Release|Any CPU = Release|Any CPU
	EndGlobalSection
	GlobalSection(ProjectConfigurationPlatforms) = postSolution
		{C14414EF-5887-3FCE-16FB-ED6FD534521F}.Debug|Any CPU.ActiveCfg = Debug|Any CPU
		{C14414EF-5887-3FCE-16FB-ED6FD534521F}.Debug|Any CPU.Build.0 = Debug|Any CPU
		{C14414EF-5887-3FCE-16FB-ED6FD534521F}.Release|Any CPU.ActiveCfg = Release|Any CPU
		{C14414EF-5887-3FCE-16FB-ED6FD534521F}.Release|Any CPU.Build.0 = Release|Any CPU
		{F3E0F866-4A90-C5BA-2A8F-4C00EBA2F9B4}.Debug|Any CPU.ActiveCfg = Debug|Any CPU
		{F3E0F866-4A90-C5BA-2A8F-4C00EBA2F9B4}.Debug|Any CPU.Build.0 = Debug|Any CPU
		{F3E0F866-4A90-C5BA-2A8F-4C00EBA2F9B4}.Release|Any CPU.ActiveCfg = Release|Any CPU
		{F3E0F866-4A90-C5BA-2A8F-4C00EBA2F9B4}.Release|Any CPU.Build.0 = Release|Any CPU
	EndGlobalSection
	GlobalSection(SolutionProperties) = preSolution
		HideSolutionNode = FALSE
	EndGlobalSection
	GlobalSection(MonoDevelopProperties) = preSolution
		StartupItem = Assembly-CSharp.csproj
	EndGlobalSection
EndGlobal
